
Microsoft Visual Studio Solution File, Format Version 12.00
# Visual Studio Version 17
VisualStudioVersion = 17.0.31903.59
MinimumVisualStudioVersion = 10.0.40219.1
Project("{FAE04EC0-301F-11D3-BF4B-00C04F79EFBC}") = "sts2", "sts2.csproj", "{9F5288FB-8F4F-4ECA-B4AA-D2CBA5E181AB}"
EndProject
Global
	GlobalSection(SolutionConfigurationPlatforms) = preSolution
		Debug|Any CPU = Debug|Any CPU
		Debug|x64 = Debug|x64
		Debug|x86 = Debug|x86
		ExportRelease|Any CPU = ExportRelease|Any CPU
		ExportDebug|Any CPU = ExportDebug|Any CPU
		Release|Any CPU = Release|Any CPU
		Release|x64 = Release|x64
		Release|x86 = Release|x86
	EndGlobalSection
	GlobalSection(ProjectConfigurationPlatforms) = postSolution
		{9F5288FB-8F4F-4ECA-B4AA-D2CBA5E181AB}.ExportRelease|Any CPU.ActiveCfg = ExportRelease|Any CPU
		{9F5288FB-8F4F-4ECA-B4AA-D2CBA5E181AB}.ExportRelease|Any CPU.Build.0 = ExportRelease|Any CPU
		{9F5288FB-8F4F-4ECA-B4AA-D2CBA5E181AB}.ExportDebug|Any CPU.ActiveCfg = ExportDebug|Any CPU
		{9F5288FB-8F4F-4ECA-B4AA-D2CBA5E181AB}.ExportDebug|Any CPU.Build.0 = ExportDebug|Any CPU
		{9F5288FB-8F4F-4ECA-B4AA-D2CBA5E181AB}.Debug|Any CPU.ActiveCfg = Debug|Any CPU
		{9F5288FB-8F4F-4ECA-B4AA-D2CBA5E181AB}.Debug|Any CPU.Build.0 = Debug|Any CPU
		{9F5288FB-8F4F-4ECA-B4AA-D2CBA5E181AB}.Debug|x64.ActiveCfg = Debug|Any CPU
		{9F5288FB-8F4F-4ECA-B4AA-D2CBA5E181AB}.Debug|x64.Build.0 = Debug|Any CPU
		{9F5288FB-8F4F-4ECA-B4AA-D2CBA5E181AB}.Debug|x86.ActiveCfg = Debug|Any CPU
		{9F5288FB-8F4F-4ECA-B4AA-D2CBA5E181AB}.Debug|x86.Build.0 = Debug|Any CPU
		{9F5288FB-8F4F-4ECA-B4AA-D2CBA5E181AB}.Release|Any CPU.ActiveCfg = Release|Any CPU
		{9F5288FB-8F4F-4ECA-B4AA-D2CBA5E181AB}.Release|Any CPU.Build.0 = Release|Any CPU
		{9F5288FB-8F4F-4ECA-B4AA-D2CBA5E181AB}.Release|x64.ActiveCfg = Debug|Any CPU
		{9F5288FB-8F4F-4ECA-B4AA-D2CBA5E181AB}.Release|x64.Build.0 = Debug|Any CPU
		{9F5288FB-8F4F-4ECA-B4AA-D2CBA5E181AB}.Release|x86.ActiveCfg = Debug|Any CPU
		{9F5288FB-8F4F-4ECA-B4AA-D2CBA5E181AB}.Release|x86.Build.0 = Debug|Any CPU
	EndGlobalSection
	GlobalSection(SolutionProperties) = preSolution
		HideSolutionNode = FALSE
	EndGlobalSection
EndGlobal
